
Microsoft Visual Studio Solution File, Format Version 12.00
# Visual Studio Version 17
VisualStudioVersion = 17.0.31808.319
MinimumVisualStudioVersion = 10.0.40219.1
Project("{FAE04EC0-301F-11D3-BF4B-00C04F79EFBC}") = "round_roben_algorithm", "round_roben_algorithm\round_roben_algorithm.csproj", "{03427310-DB47-4C6D-948F-B5B822D2A64B}"
EndProject
Global
	GlobalSection(SolutionConfigurationPlatforms) = preSolution
		Debug|Any CPU = Debug|Any CPU
		Release|Any CPU = Release|Any CPU
	EndGlobalSection
	GlobalSection(ProjectConfigurationPlatforms) = postSolution
		{03427310-DB47-4C6D-948F-B5B822D2A64B}.Debug|Any CPU.ActiveCfg = Debug|Any CPU
		{03427310-DB47-4C6D-948F-B5B822D2A64B}.Debug|Any CPU.Build.0 = Debug|Any CPU
		{03427310-DB47-4C6D-948F-B5B822D2A64B}.Release|Any CPU.ActiveCfg = Release|Any CPU
		{03427310-DB47-4C6D-948F-B5B822D2A64B}.Release|Any CPU.Build.0 = Release|Any CPU
	EndGlobalSection
	GlobalSection(SolutionProperties) = preSolution
		HideSolutionNode = FALSE
	EndGlobalSection
	GlobalSection(ExtensibilityGlobals) = postSolution
		SolutionGuid = {011FA5E8-029C-4673-92B3-13DCBC5DA479}
	EndGlobalSection
EndGlobal
